
Microsoft Visual Studio Solution File, Format Version 12.00
# Visual Studio 15
VisualStudioVersion = 15.0.27428.2027
MinimumVisualStudioVersion = 10.0.40219.1
Project("{FAE04EC0-301F-11D3-BF4B-00C04F79EFBC}") = "SystemObslugiStudenta", "SystemObslugiStudenta\SystemObslugiStudenta.csproj", "{872CBCC3-1EBC-4633-A578-BA26E379CD97}"
EndProject
Global
	GlobalSection(SolutionConfigurationPlatforms) = preSolution
		Debug|Any CPU = Debug|Any CPU
		Release|Any CPU = Release|Any CPU
	EndGlobalSection
	GlobalSection(ProjectConfigurationPlatforms) = postSolution
		{872CBCC3-1EBC-4633-A578-BA26E379CD97}.Debug|Any CPU.ActiveCfg = Debug|Any CPU
		{872CBCC3-1EBC-4633-A578-BA26E379CD97}.Debug|Any CPU.Build.0 = Debug|Any CPU
		{872CBCC3-1EBC-4633-A578-BA26E379CD97}.Release|Any CPU.ActiveCfg = Release|Any CPU
		{872CBCC3-1EBC-4633-A578-BA26E379CD97}.Release|Any CPU.Build.0 = Release|Any CPU
	EndGlobalSection
	GlobalSection(SolutionProperties) = preSolution
		HideSolutionNode = FALSE
	EndGlobalSection
	GlobalSection(ExtensibilityGlobals) = postSolution
		SolutionGuid = {F79A9321-2016-44BE-8FAB-75B7C7136160}
	EndGlobalSection
EndGlobal
